
Microsoft Visual Studio Solution File, Format Version 12.00
# Visual Studio Version 17
VisualStudioVersion = 17.7.34202.233
MinimumVisualStudioVersion = 10.0.40219.1
Project("{9A19103F-16F7-4668-BE54-9A1E7A4F7556}") = "Teachable-Machine-Model Handler with Redis", "Teachable-Machine-Model Handler with Redis\Teachable-Machine-Model Handler with Redis.csproj", "{0B438CD9-2A3F-499D-9857-2695DFADA35A}"
EndProject
Project("{FAE04EC0-301F-11D3-BF4B-00C04F79EFBC}") = "Teachable-Machine-Model-Handler-with-Redis", "Teachable-Machine-Model-Handler-with-Redis\Teachable-Machine-Model-Handler-with-Redis.csproj", "{1717A731-79F7-4A0D-9B6F-762E81ADC160}"
EndProject
Global
	GlobalSection(SolutionConfigurationPlatforms) = preSolution
		Debug|Any CPU = Debug|Any CPU
		Release|Any CPU = Release|Any CPU
	EndGlobalSection
	GlobalSection(ProjectConfigurationPlatforms) = postSolution
		{0B438CD9-2A3F-499D-9857-2695DFADA35A}.Debug|Any CPU.ActiveCfg = Debug|Any CPU
		{0B438CD9-2A3F-499D-9857-2695DFADA35A}.Debug|Any CPU.Build.0 = Debug|Any CPU
		{0B438CD9-2A3F-499D-9857-2695DFADA35A}.Release|Any CPU.ActiveCfg = Release|Any CPU
		{0B438CD9-2A3F-499D-9857-2695DFADA35A}.Release|Any CPU.Build.0 = Release|Any CPU
		{1717A731-79F7-4A0D-9B6F-762E81ADC160}.Debug|Any CPU.ActiveCfg = Debug|Any CPU
		{1717A731-79F7-4A0D-9B6F-762E81ADC160}.Debug|Any CPU.Build.0 = Debug|Any CPU
		{1717A731-79F7-4A0D-9B6F-762E81ADC160}.Release|Any CPU.ActiveCfg = Release|Any CPU
		{1717A731-79F7-4A0D-9B6F-762E81ADC160}.Release|Any CPU.Build.0 = Release|Any CPU
	EndGlobalSection
	GlobalSection(SolutionProperties) = preSolution
		HideSolutionNode = FALSE
	EndGlobalSection
	GlobalSection(ExtensibilityGlobals) = postSolution
		SolutionGuid = {C609DDB3-44EF-4A60-A2E5-82342FD4C39E}
	EndGlobalSection
EndGlobal
